
Microsoft Visual Studio Solution File, Format Version 12.00
# Visual Studio 15
VisualStudioVersion = 15.0.26430.14
MinimumVisualStudioVersion = 10.0.40219.1
Project("{D954291E-2A0B-460D-934E-DC6B0785DB48}") = "LogenCodeX", "LogenCodeX\LogenCodeX\LogenCodeX.shproj", "{921DD03D-B046-4573-BEA5-2F795A015684}"
EndProject
Project("{FAE04EC0-301F-11D3-BF4B-00C04F79EFBC}") = "LogenCodeX.Android", "LogenCodeX\LogenCodeX.Android\LogenCodeX.Android.csproj", "{766C14BD-D712-420D-A03D-5300618FA123}"
EndProject
Project("{FAE04EC0-301F-11D3-BF4B-00C04F79EFBC}") = "LogenCodeX.iOS", "LogenCodeX\LogenCodeX.iOS\LogenCodeX.iOS.csproj", "{DB5D0FC8-9467-45D8-9742-70AC5381E684}"
EndProject
Global
	GlobalSection(SharedMSBuildProjectFiles) = preSolution
		LogenCodeX\LogenCodeX\LogenCodeX.projitems*{766c14bd-d712-420d-a03d-5300618fa123}*SharedItemsImports = 4
		LogenCodeX\LogenCodeX\LogenCodeX.projitems*{921dd03d-b046-4573-bea5-2f795a015684}*SharedItemsImports = 13
		LogenCodeX\LogenCodeX\LogenCodeX.projitems*{db5d0fc8-9467-45d8-9742-70ac5381e684}*SharedItemsImports = 4
	EndGlobalSection
	GlobalSection(SolutionConfigurationPlatforms) = preSolution
		Ad-Hoc|Any CPU = Ad-Hoc|Any CPU
		Ad-Hoc|ARM = Ad-Hoc|ARM
		Ad-Hoc|iPhone = Ad-Hoc|iPhone
		Ad-Hoc|iPhoneSimulator = Ad-Hoc|iPhoneSimulator
		Ad-Hoc|x64 = Ad-Hoc|x64
		Ad-Hoc|x86 = Ad-Hoc|x86
		AppStore|Any CPU = AppStore|Any CPU
		AppStore|ARM = AppStore|ARM
		AppStore|iPhone = AppStore|iPhone
		AppStore|iPhoneSimulator = AppStore|iPhoneSimulator
		AppStore|x64 = AppStore|x64
		AppStore|x86 = AppStore|x86
		Debug|Any CPU = Debug|Any CPU
		Debug|ARM = Debug|ARM
		Debug|iPhone = Debug|iPhone
		Debug|iPhoneSimulator = Debug|iPhoneSimulator
		Debug|x64 = Debug|x64
		Debug|x86 = Debug|x86
		Release|Any CPU = Release|Any CPU
		Release|ARM = Release|ARM
		Release|iPhone = Release|iPhone
		Release|iPhoneSimulator = Release|iPhoneSimulator
		Release|x64 = Release|x64
		Release|x86 = Release|x86
	EndGlobalSection
	GlobalSection(ProjectConfigurationPlatforms) = postSolution
		{766C14BD-D712-420D-A03D-5300618FA123}.Ad-Hoc|Any CPU.ActiveCfg = Release|Any CPU
		{766C14BD-D712-420D-A03D-5300618FA123}.Ad-Hoc|Any CPU.Build.0 = Release|Any CPU
		{766C14BD-D712-420D-A03D-5300618FA123}.Ad-Hoc|Any CPU.Deploy.0 = Release|Any CPU
		{766C14BD-D712-420D-A03D-5300618FA123}.Ad-Hoc|ARM.ActiveCfg = Release|Any CPU
		{766C14BD-D712-420D-A03D-5300618FA123}.Ad-Hoc|ARM.Build.0 = Release|Any CPU
		{766C14BD-D712-420D-A03D-5300618FA123}.Ad-Hoc|ARM.Deploy.0 = Release|Any CPU
		{766C14BD-D712-420D-A03D-5300618FA123}.Ad-Hoc|iPhone.ActiveCfg = Release|Any CPU
		{766C14BD-D712-420D-A03D-5300618FA123}.Ad-Hoc|iPhone.Build.0 = Release|Any CPU
		{766C14BD-D712-420D-A03D-5300618FA123}.Ad-Hoc|iPhone.Deploy.0 = Release|Any CPU
		{766C14BD-D712-420D-A03D-5300618FA123}.Ad-Hoc|iPhoneSimulator.ActiveCfg = Release|Any CPU
		{766C14BD-D712-420D-A03D-5300618FA123}.Ad-Hoc|iPhoneSimulator.Build.0 = Release|Any CPU
		{766C14BD-D712-420D-A03D-5300618FA123}.Ad-Hoc|iPhoneSimulator.Deploy.0 = Release|Any CPU
		{766C14BD-D712-420D-A03D-5300618FA123}.Ad-Hoc|x64.ActiveCfg = Release|Any CPU
		{766C14BD-D712-420D-A03D-5300618FA123}.Ad-Hoc|x64.Build.0 = Release|Any CPU
		{766C14BD-D712-420D-A03D-5300618FA123}.Ad-Hoc|x64.Deploy.0 = Release|Any CPU
		{766C14BD-D712-420D-A03D-5300618FA123}.Ad-Hoc|x86.ActiveCfg = Release|Any CPU
		{766C14BD-D712-420D-A03D-5300618FA123}.Ad-Hoc|x86.Build.0 = Release|Any CPU
		{766C14BD-D712-420D-A03D-5300618FA123}.Ad-Hoc|x86.Deploy.0 = Release|Any CPU
		{766C14BD-D712-420D-A03D-5300618FA123}.AppStore|Any CPU.ActiveCfg = Release|Any CPU
		{766C14BD-D712-420D-A03D-5300618FA123}.AppStore|Any CPU.Build.0 = Release|Any CPU
		{766C14BD-D712-420D-A03D-5300618FA123}.AppStore|Any CPU.Deploy.0 = Release|Any CPU
		{766C14BD-D712-420D-A03D-5300618FA123}.AppStore|ARM.ActiveCfg = Release|Any CPU
		{766C14BD-D712-420D-A03D-5300618FA123}.AppStore|ARM.Build.0 = Release|Any CPU
		{766C14BD-D712-420D-A03D-5300618FA123}.AppStore|ARM.Deploy.0 = Release|Any CPU
		{766C14BD-D712-420D-A03D-5300618FA123}.AppStore|iPhone.ActiveCfg = Release|Any CPU
		{766C14BD-D712-420D-A03D-5300618FA123}.AppStore|iPhone.Build.0 = Release|Any CPU
		{766C14BD-D712-420D-A03D-5300618FA123}.AppStore|iPhone.Deploy.0 = Release|Any CPU
		{766C14BD-D712-420D-A03D-5300618FA123}.AppStore|iPhoneSimulator.ActiveCfg = Release|Any CPU
		{766C14BD-D712-420D-A03D-5300618FA123}.AppStore|iPhoneSimulator.Build.0 = Release|Any CPU
		{766C14BD-D712-420D-A03D-5300618FA123}.AppStore|iPhoneSimulator.Deploy.0 = Release|Any CPU
		{766C14BD-D712-420D-A03D-5300618FA123}.AppStore|x64.ActiveCfg = Release|Any CPU
		{766C14BD-D712-420D-A03D-5300618FA123}.AppStore|x64.Build.0 = Release|Any CPU
		{766C14BD-D712-420D-A03D-5300618FA123}.AppStore|x64.Deploy.0 = Release|Any CPU
		{766C14BD-D712-420D-A03D-5300618FA123}.AppStore|x86.ActiveCfg = Release|Any CPU
		{766C14BD-D712-420D-A03D-5300618FA123}.AppStore|x86.Build.0 = Release|Any CPU
		{766C14BD-D712-420D-A03D-5300618FA123}.AppStore|x86.Deploy.0 = Release|Any CPU
		{766C14BD-D712-420D-A03D-5300618FA123}.Debug|Any CPU.ActiveCfg = Debug|Any CPU
		{766C14BD-D712-420D-A03D-5300618FA123}.Debug|Any CPU.Build.0 = Debug|Any CPU
		{766C14BD-D712-420D-A03D-5300618FA123}.Debug|Any CPU.Deploy.0 = Debug|Any CPU
		{766C14BD-D712-420D-A03D-5300618FA123}.Debug|ARM.ActiveCfg = Debug|Any CPU
		{766C14BD-D712-420D-A03D-5300618FA123}.Debug|ARM.Build.0 = Debug|Any CPU
		{766C14BD-D712-420D-A03D-5300618FA123}.Debug|ARM.Deploy.0 = Debug|Any CPU
		{766C14BD-D712-420D-A03D-5300618FA123}.Debug|iPhone.ActiveCfg = Debug|Any CPU
		{766C14BD-D712-420D-A03D-5300618FA123}.Debug|iPhone.Build.0 = Debug|Any CPU
		{766C14BD-D712-420D-A03D-5300618FA123}.Debug|iPhone.Deploy.0 = Debug|Any CPU
		{766C14BD-D712-420D-A03D-5300618FA123}.Debug|iPhoneSimulator.ActiveCfg = Debug|Any CPU
		{766C14BD-D712-420D-A03D-5300618FA123}.Debug|iPhoneSimulator.Build.0 = Debug|Any CPU
		{766C14BD-D712-420D-A03D-5300618FA123}.Debug|iPhoneSimulator.Deploy.0 = Debug|Any CPU
		{766C14BD-D712-420D-A03D-5300618FA123}.Debug|x64.ActiveCfg = Debug|Any CPU
		{766C14BD-D712-420D-A03D-5300618FA123}.Debug|x64.Build.0 = Debug|Any CPU
		{766C14BD-D712-420D-A03D-5300618FA123}.Debug|x64.Deploy.0 = Debug|Any CPU
		{766C14BD-D712-420D-A03D-5300618FA123}.Debug|x86.ActiveCfg = Debug|Any CPU
		{766C14BD-D712-420D-A03D-5300618FA123}.Debug|x86.Build.0 = Debug|Any CPU
		{766C14BD-D712-420D-A03D-5300618FA123}.Debug|x86.Deploy.0 = Debug|Any CPU
		{766C14BD-D712-420D-A03D-5300618FA123}.Release|Any CPU.ActiveCfg = Release|Any CPU
		{766C14BD-D712-420D-A03D-5300618FA123}.Release|Any CPU.Build.0 = Release|Any CPU
		{766C14BD-D712-420D-A03D-5300618FA123}.Release|Any CPU.Deploy.0 = Release|Any CPU
		{766C14BD-D712-420D-A03D-5300618FA123}.Release|ARM.ActiveCfg = Release|Any CPU
		{766C14BD-D712-420D-A03D-5300618FA123}.Release|ARM.Build.0 = Release|Any CPU
		{766C14BD-D712-420D-A03D-5300618FA123}.Release|ARM.Deploy.0 = Release|Any CPU
		{766C14BD-D712-420D-A03D-5300618FA123}.Release|iPhone.ActiveCfg = Release|Any CPU
		{766C14BD-D712-420D-A03D-5300618FA123}.Release|iPhone.Build.0 = Release|Any CPU
		{766C14BD-D712-420D-A03D-5300618FA123}.Release|iPhone.Deploy.0 = Release|Any CPU
		{766C14BD-D712-420D-A03D-5300618FA123}.Release|iPhoneSimulator.ActiveCfg = Release|Any CPU
		{766C14BD-D712-420D-A03D-5300618FA123}.Release|iPhoneSimulator.Build.0 = Release|Any CPU
		{766C14BD-D712-420D-A03D-5300618FA123}.Release|iPhoneSimulator.Deploy.0 = Release|Any CPU
		{766C14BD-D712-420D-A03D-5300618FA123}.Release|x64.ActiveCfg = Release|Any CPU
		{766C14BD-D712-420D-A03D-5300618FA123}.Release|x64.Build.0 = Release|Any CPU
		{766C14BD-D712-420D-A03D-5300618FA123}.Release|x64.Deploy.0 = Release|Any CPU
		{766C14BD-D712-420D-A03D-5300618FA123}.Release|x86.ActiveCfg = Release|Any CPU
		{766C14BD-D712-420D-A03D-5300618FA123}.Release|x86.Build.0 = Release|Any CPU
		{766C14BD-D712-420D-A03D-5300618FA123}.Release|x86.Deploy.0 = Release|Any CPU
		{DB5D0FC8-9467-45D8-9742-70AC5381E684}.Ad-Hoc|Any CPU.ActiveCfg = Ad-Hoc|iPhone
		{DB5D0FC8-9467-45D8-9742-70AC5381E684}.Ad-Hoc|ARM.ActiveCfg = Ad-Hoc|iPhone
		{DB5D0FC8-9467-45D8-9742-70AC5381E684}.Ad-Hoc|iPhone.ActiveCfg = Ad-Hoc|iPhone
		{DB5D0FC8-9467-45D8-9742-70AC5381E684}.Ad-Hoc|iPhone.Build.0 = Ad-Hoc|iPhone
		{DB5D0FC8-9467-45D8-9742-70AC5381E684}.Ad-Hoc|iPhoneSimulator.ActiveCfg = Ad-Hoc|iPhoneSimulator
		{DB5D0FC8-9467-45D8-9742-70AC5381E684}.Ad-Hoc|iPhoneSimulator.Build.0 = Ad-Hoc|iPhoneSimulator
		{DB5D0FC8-9467-45D8-9742-70AC5381E684}.Ad-Hoc|x64.ActiveCfg = Ad-Hoc|iPhone
		{DB5D0FC8-9467-45D8-9742-70AC5381E684}.Ad-Hoc|x86.ActiveCfg = Ad-Hoc|iPhone
		{DB5D0FC8-9467-45D8-9742-70AC5381E684}.AppStore|Any CPU.ActiveCfg = AppStore|iPhone
		{DB5D0FC8-9467-45D8-9742-70AC5381E684}.AppStore|ARM.ActiveCfg = AppStore|iPhone
		{DB5D0FC8-9467-45D8-9742-70AC5381E684}.AppStore|iPhone.ActiveCfg = AppStore|iPhone
		{DB5D0FC8-9467-45D8-9742-70AC5381E684}.AppStore|iPhone.Build.0 = AppStore|iPhone
		{DB5D0FC8-9467-45D8-9742-70AC5381E684}.AppStore|iPhoneSimulator.ActiveCfg = AppStore|iPhoneSimulator
		{DB5D0FC8-9467-45D8-9742-70AC5381E684}.AppStore|iPhoneSimulator.Build.0 = AppStore|iPhoneSimulator
		{DB5D0FC8-9467-45D8-9742-70AC5381E684}.AppStore|x64.ActiveCfg = AppStore|iPhone
		{DB5D0FC8-9467-45D8-9742-70AC5381E684}.AppStore|x86.ActiveCfg = AppStore|iPhone
		{DB5D0FC8-9467-45D8-9742-70AC5381E684}.Debug|Any CPU.ActiveCfg = Debug|iPhone
		{DB5D0FC8-9467-45D8-9742-70AC5381E684}.Debug|ARM.ActiveCfg = Debug|iPhone
		{DB5D0FC8-9467-45D8-9742-70AC5381E684}.Debug|iPhone.ActiveCfg = Debug|iPhone
		{DB5D0FC8-9467-45D8-9742-70AC5381E684}.Debug|iPhone.Build.0 = Debug|iPhone
		{DB5D0FC8-9467-45D8-9742-70AC5381E684}.Debug|iPhoneSimulator.ActiveCfg = Debug|iPhoneSimulator
		{DB5D0FC8-9467-45D8-9742-70AC5381E684}.Debug|iPhoneSimulator.Build.0 = Debug|iPhoneSimulator
		{DB5D0FC8-9467-45D8-9742-70AC5381E684}.Debug|x64.ActiveCfg = Debug|iPhone
		{DB5D0FC8-9467-45D8-9742-70AC5381E684}.Debug|x86.ActiveCfg = Debug|iPhone
		{DB5D0FC8-9467-45D8-9742-70AC5381E684}.Release|Any CPU.ActiveCfg = Release|iPhone
		{DB5D0FC8-9467-45D8-9742-70AC5381E684}.Release|ARM.ActiveCfg = Release|iPhone
		{DB5D0FC8-9467-45D8-9742-70AC5381E684}.Release|iPhone.ActiveCfg = Release|iPhone
		{DB5D0FC8-9467-45D8-9742-70AC5381E684}.Release|iPhone.Build.0 = Release|iPhone
		{DB5D0FC8-9467-45D8-9742-70AC5381E684}.Release|iPhoneSimulator.ActiveCfg = Release|iPhoneSimulator
		{DB5D0FC8-9467-45D8-9742-70AC5381E684}.Release|iPhoneSimulator.Build.0 = Release|iPhoneSimulator
		{DB5D0FC8-9467-45D8-9742-70AC5381E684}.Release|x64.ActiveCfg = Release|iPhone
		{DB5D0FC8-9467-45D8-9742-70AC5381E684}.Release|x86.ActiveCfg = Release|iPhone
	EndGlobalSection
	GlobalSection(SolutionProperties) = preSolution
		HideSolutionNode = FALSE
	EndGlobalSection
EndGlobal
